
Microsoft Visual Studio Solution File, Format Version 12.00
# Visual Studio 15
VisualStudioVersion = 15.0.27428.2015
MinimumVisualStudioVersion = 10.0.40219.1
Project("{00D1A9C2-B5F0-4AF3-8072-F6C62B433612}") = "mojn-ds-database", "mojn-ds-database\mojn-ds-database.sqlproj", "{138E09B6-DED6-4681-B596-2E5876EE09C5}"
EndProject
Project("{00D1A9C2-B5F0-4AF3-8072-F6C62B433612}") = "mojn-shared-tables", "..\mojn-sharedtable-database\mojn-shared-tables\mojn-shared-tables.sqlproj", "{1C07A033-9D7B-4691-B72D-8402095F5EE2}"
EndProject
Global
	GlobalSection(SolutionConfigurationPlatforms) = preSolution
		Debug|Any CPU = Debug|Any CPU
		Release|Any CPU = Release|Any CPU
	EndGlobalSection
	GlobalSection(ProjectConfigurationPlatforms) = postSolution
		{138E09B6-DED6-4681-B596-2E5876EE09C5}.Debug|Any CPU.ActiveCfg = Debug|Any CPU
		{138E09B6-DED6-4681-B596-2E5876EE09C5}.Debug|Any CPU.Build.0 = Debug|Any CPU
		{138E09B6-DED6-4681-B596-2E5876EE09C5}.Debug|Any CPU.Deploy.0 = Debug|Any CPU
		{138E09B6-DED6-4681-B596-2E5876EE09C5}.Release|Any CPU.ActiveCfg = Release|Any CPU
		{138E09B6-DED6-4681-B596-2E5876EE09C5}.Release|Any CPU.Build.0 = Release|Any CPU
		{138E09B6-DED6-4681-B596-2E5876EE09C5}.Release|Any CPU.Deploy.0 = Release|Any CPU
		{1C07A033-9D7B-4691-B72D-8402095F5EE2}.Debug|Any CPU.ActiveCfg = Debug|Any CPU
		{1C07A033-9D7B-4691-B72D-8402095F5EE2}.Debug|Any CPU.Build.0 = Debug|Any CPU
		{1C07A033-9D7B-4691-B72D-8402095F5EE2}.Debug|Any CPU.Deploy.0 = Debug|Any CPU
		{1C07A033-9D7B-4691-B72D-8402095F5EE2}.Release|Any CPU.ActiveCfg = Release|Any CPU
		{1C07A033-9D7B-4691-B72D-8402095F5EE2}.Release|Any CPU.Build.0 = Release|Any CPU
		{1C07A033-9D7B-4691-B72D-8402095F5EE2}.Release|Any CPU.Deploy.0 = Release|Any CPU
	EndGlobalSection
	GlobalSection(SolutionProperties) = preSolution
		HideSolutionNode = FALSE
	EndGlobalSection
	GlobalSection(ExtensibilityGlobals) = postSolution
		SolutionGuid = {CB7E5A6C-6A1C-4333-B9F3-1F830E195B26}
	EndGlobalSection
EndGlobal
